{
    "_readme": [
        "This file locks the dependencies of your project to a known state",
        "Read more about it at https://getcomposer.org/doc/01-basic-usage.md#composer-lock-the-lock-file",
        "This file is @generated automatically"
    ],
    "hash": "edc6d1901ca5e12e15827c7db5bf26d7",
    "content-hash": "5848c583504ad714ca7529207c15165b",
    "packages": [
        {
            "name": "danielstjules/stringy",
            "version": "1.10.0",
            "source": {
                "type": "git",
                "url": "https://github.com/danielstjules/Stringy.git",
                "reference": "4749c205db47ee5b32e8d1adf6d9aff8db6caf3b"
            },
            "dist": {
                "type": "zip",
                "url": "https://api.github.com/repos/danielstjules/Stringy/zipball/4749c205db47ee5b32e8d1adf6d9aff8db6caf3b",
                "reference": "4749c205db47ee5b32e8d1adf6d9aff8db6caf3b",
                "shasum": ""
            },
            "require": {
                "ext-mbstring": "*",
                "php": ">=5.3.0"
            },
            "require-dev": {
                "phpunit/phpunit": "~4.0"
            },
            "type": "library",
            "autoload": {
                "psr-4": {
                    "Stringy\\": "src/"
                },
                "files": [
                    "src/Create.php"
                ]
            },
            "notification-url": "https://packagist.org/downloads/",
            "license": [
                "MIT"
            ],
            "authors": [
                {
                    "name": "Daniel St. Jules",
                    "email": "danielst.jules@gmail.com",
                    "homepage": "http://www.danielstjules.com"
                }
            ],
            "description": "A string manipulation library with multibyte support",
            "homepage": "https://github.com/danielstjules/Stringy",
            "keywords": [
                "UTF",
                "helpers",
                "manipulation",
                "methods",
                "multibyte",
                "string",
                "utf-8",
                "utility",
                "utils"
            ],
            "time": "2015-07-23 00:54:12"
        },
        {
            "name": "doctrine/inflector",
            "version": "v1.1.0",
            "source": {
                "type": "git",
                "url": "https://github.com/doctrine/inflector.git",
                "reference": "90b2128806bfde671b6952ab8bea493942c1fdae"
            },
            "dist": {
                "type": "zip",
                "url": "https://api.github.com/repos/doctrine/inflector/zipball/90b2128806bfde671b6952ab8bea493942c1fdae",
                "reference": "90b2128806bfde671b6952ab8bea493942c1fdae",
                "shasum": ""
            },
            "require": {
                "php": ">=5.3.2"
            },
            "require-dev": {
                "phpunit/phpunit": "4.*"
            },
            "type": "library",
            "extra": {
                "branch-alias": {
                    "dev-master": "1.1.x-dev"
                }
            },
            "autoload": {
                "psr-0": {
                    "Doctrine\\Common\\Inflector\\": "lib/"
                }
            },
            "notification-url": "https://packagist.org/downloads/",
            "license": [
                "MIT"
            ],
            "authors": [
                {
                    "name": "Roman Borschel",
                    "email": "roman@code-factory.org"
                },
                {
                    "name": "Benjamin Eberlei",
                    "email": "kontakt@beberlei.de"
                },
                {
                    "name": "Guilherme Blanco",
                    "email": "guilhermeblanco@gmail.com"
                },
                {
                    "name": "Jonathan Wage",
                    "email": "jonwage@gmail.com"
                },
                {
                    "name": "Johannes Schmitt",
                    "email": "schmittjoh@gmail.com"
                }
            ],
            "description": "Common String Manipulations with regard to casing and singular/plural rules.",
            "homepage": "http://www.doctrine-project.org",
            "keywords": [
                "inflection",
                "pluralize",
                "singularize",
                "string"
            ],
            "time": "2015-11-06 14:35:42"
        },
        {
            "name": "illuminate/container",
            "version": "v5.1.22",
            "source": {
                "type": "git",
                "url": "https://github.com/illuminate/container.git",
                "reference": "bb2cd1d9c6cb7c4ce80b8d89f899e086f5a4f65b"
            },
            "dist": {
                "type": "zip",
                "url": "https://api.github.com/repos/illuminate/container/zipball/bb2cd1d9c6cb7c4ce80b8d89f899e086f5a4f65b",
                "reference": "bb2cd1d9c6cb7c4ce80b8d89f899e086f5a4f65b",
                "shasum": ""
            },
            "require": {
                "illuminate/contracts": "5.1.*",
                "php": ">=5.5.9"
            },
            "type": "library",
            "extra": {
                "branch-alias": {
                    "dev-master": "5.1-dev"
                }
            },
            "autoload": {
                "psr-4": {
                    "Illuminate\\Container\\": ""
                }
            },
            "notification-url": "https://packagist.org/downloads/",
            "license": [
                "MIT"
            ],
            "authors": [
                {
                    "name": "Taylor Otwell",
                    "email": "taylorotwell@gmail.com"
                }
            ],
            "description": "The Illuminate Container package.",
            "homepage": "http://laravel.com",
            "time": "2015-10-19 06:01:02"
        },
        {
            "name": "illuminate/contracts",
            "version": "v5.1.22",
            "source": {
                "type": "git",
                "url": "https://github.com/illuminate/contracts.git",
                "reference": "e2b71fdbeeb3438748dca5f497e205888788a883"
            },
            "dist": {
                "type": "zip",
                "url": "https://api.github.com/repos/illuminate/contracts/zipball/e2b71fdbeeb3438748dca5f497e205888788a883",
                "reference": "e2b71fdbeeb3438748dca5f497e205888788a883",
                "shasum": ""
            },
            "require": {
                "php": ">=5.5.9"
            },
            "type": "library",
            "extra": {
                "branch-alias": {
                    "dev-master": "5.1-dev"
                }
            },
            "autoload": {
                "psr-4": {
                    "Illuminate\\Contracts\\": ""
                }
            },
            "notification-url": "https://packagist.org/downloads/",
            "license": [
                "MIT"
            ],
            "authors": [
                {
                    "name": "Taylor Otwell",
                    "email": "taylorotwell@gmail.com"
                }
            ],
            "description": "The Illuminate Contracts package.",
            "homepage": "http://laravel.com",
            "time": "2015-09-24 11:16:48"
        },
        {
            "name": "illuminate/database",
            "version": "v5.1.22",
            "source": {
                "type": "git",
                "url": "https://github.com/illuminate/database.git",
                "reference": "f82f4009e5776a8b0a580fca881694a778b229e6"
            },
            "dist": {
                "type": "zip",
                "url": "https://api.github.com/repos/illuminate/database/zipball/f82f4009e5776a8b0a580fca881694a778b229e6",
                "reference": "f82f4009e5776a8b0a580fca881694a778b229e6",
                "shasum": ""
            },
            "require": {
                "illuminate/container": "5.1.*",
                "illuminate/contracts": "5.1.*",
                "illuminate/support": "5.1.*",
                "nesbot/carbon": "~1.19",
                "php": ">=5.5.9"
            },
            "suggest": {
                "doctrine/dbal": "Required to rename columns and drop SQLite columns (~2.4).",
                "fzaninotto/faker": "Required to use the eloquent factory builder (~1.4).",
                "illuminate/console": "Required to use the database commands (5.1.*).",
                "illuminate/events": "Required to use the observers with Eloquent (5.1.*).",
                "illuminate/filesystem": "Required to use the migrations (5.1.*)."
            },
            "type": "library",
            "extra": {
                "branch-alias": {
                    "dev-master": "5.1-dev"
                }
            },
            "autoload": {
                "psr-4": {
                    "Illuminate\\Database\\": ""
                }
            },
            "notification-url": "https://packagist.org/downloads/",
            "license": [
                "MIT"
            ],
            "authors": [
                {
                    "name": "Taylor Otwell",
                    "email": "taylorotwell@gmail.com"
                }
            ],
            "description": "The Illuminate Database package.",
            "homepage": "http://laravel.com",
            "keywords": [
                "database",
                "laravel",
                "orm",
                "sql"
            ],
            "time": "2015-10-28 21:57:04"
        },
        {
            "name": "illuminate/support",
            "version": "v5.1.22",
            "source": {
                "type": "git",
                "url": "https://github.com/illuminate/support.git",
                "reference": "d52a832d3f4b025b82f954cbdef8ee24f6a77e77"
            },
            "dist": {
                "type": "zip",
                "url": "https://api.github.com/repos/illuminate/support/zipball/d52a832d3f4b025b82f954cbdef8ee24f6a77e77",
                "reference": "d52a832d3f4b025b82f954cbdef8ee24f6a77e77",
                "shasum": ""
            },
            "require": {
                "danielstjules/stringy": "~1.8",
                "doctrine/inflector": "~1.0",
                "ext-mbstring": "*",
                "illuminate/contracts": "5.1.*",
                "php": ">=5.5.9"
            },
            "suggest": {
                "jeremeamia/superclosure": "Required to be able to serialize closures (~2.0).",
                "paragonie/random_compat": "Provides a compatible interface like PHP7's random_bytes() in PHP 5 projects (^1.0.6).",
                "symfony/var-dumper": "Required to use the dd function (2.7.*)."
            },
            "type": "library",
            "extra": {
                "branch-alias": {
                    "dev-master": "5.1-dev"
                }
            },
            "autoload": {
                "psr-4": {
                    "Illuminate\\Support\\": ""
                },
                "files": [
                    "helpers.php"
                ]
            },
            "notification-url": "https://packagist.org/downloads/",
            "license": [
                "MIT"
            ],
            "authors": [
                {
                    "name": "Taylor Otwell",
                    "email": "taylorotwell@gmail.com"
                }
            ],
            "description": "The Illuminate Support package.",
            "homepage": "http://laravel.com",
            "time": "2015-10-19 06:01:02"
        },
        {
            "name": "nesbot/carbon",
            "version": "1.21.0",
            "source": {
                "type": "git",
                "url": "https://github.com/briannesbitt/Carbon.git",
                "reference": "7b08ec6f75791e130012f206e3f7b0e76e18e3d7"
            },
            "dist": {
                "type": "zip",
                "url": "https://api.github.com/repos/briannesbitt/Carbon/zipball/7b08ec6f75791e130012f206e3f7b0e76e18e3d7",
                "reference": "7b08ec6f75791e130012f206e3f7b0e76e18e3d7",
                "shasum": ""
            },
            "require": {
                "php": ">=5.3.0",
                "symfony/translation": "~2.6|~3.0"
            },
            "require-dev": {
                "phpunit/phpunit": "~4.0|~5.0"
            },
            "type": "library",
            "autoload": {
                "psr-4": {
                    "Carbon\\": "src/Carbon/"
                }
            },
            "notification-url": "https://packagist.org/downloads/",
            "license": [
                "MIT"
            ],
            "authors": [
                {
                    "name": "Brian Nesbitt",
                    "email": "brian@nesbot.com",
                    "homepage": "http://nesbot.com"
                }
            ],
            "description": "A simple API extension for DateTime.",
            "homepage": "http://carbon.nesbot.com",
            "keywords": [
                "date",
                "datetime",
                "time"
            ],
            "time": "2015-11-04 20:07:17"
        },
        {
            "name": "nilportugues/api-transformer",
            "version": "1.1.2",
            "source": {
                "type": "git",
                "url": "https://github.com/nilportugues/api-transformer.git",
                "reference": "817bdad071e7bef97d9a46604b4972f41bd4caa0"
            },
            "dist": {
                "type": "zip",
                "url": "https://api.github.com/repos/nilportugues/api-transformer/zipball/817bdad071e7bef97d9a46604b4972f41bd4caa0",
                "reference": "817bdad071e7bef97d9a46604b4972f41bd4caa0",
                "shasum": ""
            },
            "require": {
                "nilportugues/serializer": "~1.1",
                "php": ">=5.5.0",
                "psr/http-message": "~1.0",
                "zendframework/zend-diactoros": "^1.1.0"
            },
            "require-dev": {
                "fabpot/php-cs-fixer": "^1.9",
                "mmoreram/php-formatter": "dev-master",
                "phpunit/phpunit": "4.4.*",
                "satooshi/php-coveralls": "dev-master"
            },
            "type": "library",
            "autoload": {
                "psr-4": {
                    "NilPortugues\\Api\\Http\\": "src/Http/",
                    "NilPortugues\\Api\\Mapping\\": "src/Mapping/",
                    "NilPortugues\\Api\\Mappings\\": "src/Mappings/",
                    "NilPortugues\\Api\\Transformer\\": "src/Transformer/"
                }
            },
            "notification-url": "https://packagist.org/downloads/",
            "license": [
                "MIT"
            ],
            "authors": [
                {
                    "name": "Nil Portugués Calderó",
                    "email": "contact@nilportugues.com",
                    "role": "Project Lead Developer"
                }
            ],
            "description": "Base library providing the core functionality for API transformation.",
            "homepage": "http://nilportugues.com",
            "keywords": [
                "api",
                "psr7",
                "response",
                "serializer",
                "transformer"
            ],
            "time": "2015-10-16 20:37:32"
        },
        {
            "name": "nilportugues/jsend",
            "version": "1.0.2",
            "source": {
                "type": "git",
                "url": "https://github.com/nilportugues/jsend-transformer.git",
                "reference": "6dee2e1f4e3db3f6ac6ba218173651979af6aa6e"
            },
            "dist": {
                "type": "zip",
                "url": "https://api.github.com/repos/nilportugues/jsend-transformer/zipball/6dee2e1f4e3db3f6ac6ba218173651979af6aa6e",
                "reference": "6dee2e1f4e3db3f6ac6ba218173651979af6aa6e",
                "shasum": ""
            },
            "require": {
                "nilportugues/json": "~1.0",
                "php": ">=5.5.0"
            },
            "require-dev": {
                "fabpot/php-cs-fixer": "^1.9",
                "mmoreram/php-formatter": "dev-master",
                "phpunit/phpunit": "4.4.*",
                "satooshi/php-coveralls": "dev-master"
            },
            "type": "library",
            "autoload": {
                "psr-4": {
                    "NilPortugues\\Api\\JSend\\": "src/"
                }
            },
            "notification-url": "https://packagist.org/downloads/",
            "license": [
                "MIT"
            ],
            "authors": [
                {
                    "name": "Nil Portugués Calderó",
                    "email": "contact@nilportugues.com",
                    "role": "Project Lead Developer"
                }
            ],
            "description": "JSend API transformer outputting valid API responses.",
            "homepage": "http://nilportugues.com",
            "keywords": [
                "api",
                "jsend",
                "json",
                "psr7",
                "response",
                "serializer",
                "transformer"
            ],
            "time": "2015-10-17 00:19:56"
        },
        {
            "name": "nilportugues/json",
            "version": "1.0.2",
            "source": {
                "type": "git",
                "url": "https://github.com/nilportugues/json-transformer.git",
                "reference": "a83ae6b3a57043d1346eeb8c4e15e18fc68985c3"
            },
            "dist": {
                "type": "zip",
                "url": "https://api.github.com/repos/nilportugues/json-transformer/zipball/a83ae6b3a57043d1346eeb8c4e15e18fc68985c3",
                "reference": "a83ae6b3a57043d1346eeb8c4e15e18fc68985c3",
                "shasum": ""
            },
            "require": {
                "nilportugues/api-transformer": "~1.1",
                "php": ">=5.5.0"
            },
            "require-dev": {
                "fabpot/php-cs-fixer": "^1.9",
                "mmoreram/php-formatter": "dev-master",
                "phpunit/phpunit": "4.4.*",
                "satooshi/php-coveralls": "dev-master"
            },
            "type": "library",
            "autoload": {
                "psr-4": {
                    "NilPortugues\\Api\\Json\\": "src/"
                }
            },
            "notification-url": "https://packagist.org/downloads/",
            "license": [
                "MIT"
            ],
            "authors": [
                {
                    "name": "Nil Portugués Calderó",
                    "email": "contact@nilportugues.com",
                    "role": "Project Lead Developer"
                }
            ],
            "description": "JSON transformer outputting valid API responses.",
            "homepage": "http://nilportugues.com",
            "keywords": [
                "api",
                "json",
                "psr7",
                "response",
                "serializer",
                "transformer"
            ],
            "time": "2015-10-17 00:18:16"
        },
        {
            "name": "nilportugues/serializer",
            "version": "1.1.5",
            "source": {
                "type": "git",
                "url": "https://github.com/nilportugues/serializer.git",
                "reference": "82ede04c687336aaec5f1c58f3ec986626b05810"
            },
            "dist": {
                "type": "zip",
                "url": "https://api.github.com/repos/nilportugues/serializer/zipball/82ede04c687336aaec5f1c58f3ec986626b05810",
                "reference": "82ede04c687336aaec5f1c58f3ec986626b05810",
                "shasum": ""
            },
            "require": {
                "php": ">=5.5.0"
            },
            "require-dev": {
                "doctrine/collections": "^1.3",
                "fabpot/php-cs-fixer": "^1.9",
                "mmoreram/php-formatter": "dev-master",
                "phpunit/phpunit": "4.4.*",
                "satooshi/php-coveralls": "dev-master"
            },
            "type": "library",
            "autoload": {
                "psr-4": {
                    "NilPortugues\\Serializer\\": "src/"
                }
            },
            "notification-url": "https://packagist.org/downloads/",
            "license": [
                "MIT"
            ],
            "authors": [
                {
                    "name": "Nil Portugués Calderó",
                    "email": "contact@nilportugues.com",
                    "role": "Project Lead Developer"
                },
                {
                    "name": "Zumba Fitness, LLC",
                    "email": "engineering@zumba.com",
                    "role": "Author of the original idea: https://github.com/zumba/json-serializer"
                },
                {
                    "name": "Juan Basso",
                    "email": "juan.basso@zumba.com",
                    "role": "Author of the original idea: https://github.com/zumba/json-serializer"
                }
            ],
            "description": "Serialize PHP variables, including objects, in any format. Support to unserialize it too.",
            "homepage": "http://nilportugues.com",
            "keywords": [
                "json",
                "serialize",
                "serializer"
            ],
            "time": "2015-08-28 23:12:12"
        },
        {
            "name": "nilportugues/serializer-eloquent",
            "version": "1.0.1",
            "source": {
                "type": "git",
                "url": "https://github.com/nilportugues/serializer-eloquent-driver.git",
                "reference": "183b2e4dd7ed27b4385e0569ea0ccfc1ae85c798"
            },
            "dist": {
                "type": "zip",
                "url": "https://api.github.com/repos/nilportugues/serializer-eloquent-driver/zipball/183b2e4dd7ed27b4385e0569ea0ccfc1ae85c798",
                "reference": "183b2e4dd7ed27b4385e0569ea0ccfc1ae85c798",
                "shasum": ""
            },
            "require": {
                "illuminate/database": "^5.1",
                "nilportugues/serializer": "~1.1",
                "php": ">=5.5.0"
            },
            "require-dev": {
                "fabpot/php-cs-fixer": "^1.9",
                "mmoreram/php-formatter": "dev-master",
                "phpunit/phpunit": "4.4.*",
                "satooshi/php-coveralls": "dev-master"
            },
            "type": "library",
            "autoload": {
                "psr-4": {
                    "NilPortugues\\Serializer\\Drivers\\Eloquent\\": "src/"
                }
            },
            "notification-url": "https://packagist.org/downloads/",
            "license": [
                "MIT"
            ],
            "authors": [
                {
                    "name": "Nil Portugués Calderó",
                    "email": "contact@nilportugues.com",
                    "role": "Project Lead Developer"
                }
            ],
            "description": "Eloquent Driver for NilPortugues Serializer outputting valid API responses in JSON, JSON API and HAL+JSON API formats.",
            "homepage": "http://nilportugues.com",
            "keywords": [
                "api",
                "eloquent",
                "json",
                "jsonapi",
                "laravel",
                "nilportugues",
                "orm",
                "psr7",
                "response",
                "serializer",
                "transformer"
            ],
            "time": "2015-11-21 16:09:48"
        },
        {
            "name": "psr/http-message",
            "version": "1.0",
            "source": {
                "type": "git",
                "url": "https://github.com/php-fig/http-message.git",
                "reference": "85d63699f0dbedb190bbd4b0d2b9dc707ea4c298"
            },
            "dist": {
                "type": "zip",
                "url": "https://api.github.com/repos/php-fig/http-message/zipball/85d63699f0dbedb190bbd4b0d2b9dc707ea4c298",
                "reference": "85d63699f0dbedb190bbd4b0d2b9dc707ea4c298",
                "shasum": ""
            },
            "require": {
                "php": ">=5.3.0"
            },
            "type": "library",
            "extra": {
                "branch-alias": {
                    "dev-master": "1.0.x-dev"
                }
            },
            "autoload": {
                "psr-4": {
                    "Psr\\Http\\Message\\": "src/"
                }
            },
            "notification-url": "https://packagist.org/downloads/",
            "license": [
                "MIT"
            ],
            "authors": [
                {
                    "name": "PHP-FIG",
                    "homepage": "http://www.php-fig.org/"
                }
            ],
            "description": "Common interface for HTTP messages",
            "keywords": [
                "http",
                "http-message",
                "psr",
                "psr-7",
                "request",
                "response"
            ],
            "time": "2015-05-04 20:22:00"
        },
        {
            "name": "symfony/http-foundation",
            "version": "v2.7.5",
            "source": {
                "type": "git",
                "url": "https://github.com/symfony/http-foundation.git",
                "reference": "e1509119f164a0d0a940d7d924d693a7a28a5470"
            },
            "dist": {
                "type": "zip",
                "url": "https://api.github.com/repos/symfony/http-foundation/zipball/e1509119f164a0d0a940d7d924d693a7a28a5470",
                "reference": "e1509119f164a0d0a940d7d924d693a7a28a5470",
                "shasum": ""
            },
            "require": {
                "php": ">=5.3.9"
            },
            "require-dev": {
                "symfony/expression-language": "~2.4",
                "symfony/phpunit-bridge": "~2.7"
            },
            "type": "library",
            "extra": {
                "branch-alias": {
                    "dev-master": "2.7-dev"
                }
            },
            "autoload": {
                "psr-4": {
                    "Symfony\\Component\\HttpFoundation\\": ""
                },
                "classmap": [
                    "Resources/stubs"
                ]
            },
            "notification-url": "https://packagist.org/downloads/",
            "license": [
                "MIT"
            ],
            "authors": [
                {
                    "name": "Fabien Potencier",
                    "email": "fabien@symfony.com"
                },
                {
                    "name": "Symfony Community",
                    "homepage": "https://symfony.com/contributors"
                }
            ],
            "description": "Symfony HttpFoundation Component",
            "homepage": "https://symfony.com",
            "time": "2015-09-22 13:49:29"
        },
        {
            "name": "symfony/psr-http-message-bridge",
            "version": "v0.2",
            "source": {
                "type": "git",
                "url": "https://github.com/symfony/psr-http-message-bridge.git",
                "reference": "dc7e308e1dc2898a46776e2221a643cb08315453"
            },
            "dist": {
                "type": "zip",
                "url": "https://api.github.com/repos/symfony/psr-http-message-bridge/zipball/dc7e308e1dc2898a46776e2221a643cb08315453",
                "reference": "dc7e308e1dc2898a46776e2221a643cb08315453",
                "shasum": ""
            },
            "require": {
                "php": ">=5.3.3",
                "psr/http-message": "~1.0",
                "symfony/http-foundation": "~2.3|~3.0"
            },
            "require-dev": {
                "symfony/phpunit-bridge": "~2.7|~3.0"
            },
            "suggest": {
                "zendframework/zend-diactoros": "To use the Zend Diactoros factory"
            },
            "type": "symfony-bridge",
            "autoload": {
                "psr-4": {
                    "Symfony\\Bridge\\PsrHttpMessage\\": ""
                }
            },
            "notification-url": "https://packagist.org/downloads/",
            "license": [
                "MIT"
            ],
            "authors": [
                {
                    "name": "Symfony Community",
                    "homepage": "http://symfony.com/contributors"
                },
                {
                    "name": "Fabien Potencier",
                    "email": "fabien@symfony.com"
                }
            ],
            "description": "PSR HTTP message bridge",
            "homepage": "http://symfony.com",
            "keywords": [
                "http",
                "http-message",
                "psr-7"
            ],
            "time": "2015-05-29 17:57:12"
        },
        {
            "name": "symfony/translation",
            "version": "v2.7.6",
            "source": {
                "type": "git",
                "url": "https://github.com/symfony/translation.git",
                "reference": "6ccd9289ec1c71d01a49d83480de3b5293ce30c8"
            },
            "dist": {
                "type": "zip",
                "url": "https://api.github.com/repos/symfony/translation/zipball/6ccd9289ec1c71d01a49d83480de3b5293ce30c8",
                "reference": "6ccd9289ec1c71d01a49d83480de3b5293ce30c8",
                "shasum": ""
            },
            "require": {
                "php": ">=5.3.9"
            },
            "conflict": {
                "symfony/config": "<2.7"
            },
            "require-dev": {
                "psr/log": "~1.0",
                "symfony/config": "~2.7",
                "symfony/intl": "~2.4",
                "symfony/yaml": "~2.2"
            },
            "suggest": {
                "psr/log": "To use logging capability in translator",
                "symfony/config": "",
                "symfony/yaml": ""
            },
            "type": "library",
            "extra": {
                "branch-alias": {
                    "dev-master": "2.7-dev"
                }
            },
            "autoload": {
                "psr-4": {
                    "Symfony\\Component\\Translation\\": ""
                }
            },
            "notification-url": "https://packagist.org/downloads/",
            "license": [
                "MIT"
            ],
            "authors": [
                {
                    "name": "Fabien Potencier",
                    "email": "fabien@symfony.com"
                },
                {
                    "name": "Symfony Community",
                    "homepage": "https://symfony.com/contributors"
                }
            ],
            "description": "Symfony Translation Component",
            "homepage": "https://symfony.com",
            "time": "2015-10-27 15:38:06"
        },
        {
            "name": "zendframework/zend-diactoros",
            "version": "1.1.4",
            "source": {
                "type": "git",
                "url": "https://github.com/zendframework/zend-diactoros.git",
                "reference": "3f0ce6c0ba2106e018fb514a9f09dbb91eb6bfd0"
            },
            "dist": {
                "type": "zip",
                "url": "https://api.github.com/repos/zendframework/zend-diactoros/zipball/3f0ce6c0ba2106e018fb514a9f09dbb91eb6bfd0",
                "reference": "3f0ce6c0ba2106e018fb514a9f09dbb91eb6bfd0",
                "shasum": ""
            },
            "require": {
                "php": ">=5.4",
                "psr/http-message": "~1.0"
            },
            "provide": {
                "psr/http-message-implementation": "~1.0.0"
            },
            "require-dev": {
                "phpunit/phpunit": "~4.6",
                "squizlabs/php_codesniffer": "^2.3.1"
            },
            "type": "library",
            "extra": {
                "branch-alias": {
                    "dev-master": "1.0-dev",
                    "dev-develop": "1.1-dev"
                }
            },
            "autoload": {
                "psr-4": {
                    "Zend\\Diactoros\\": "src/"
                }
            },
            "notification-url": "https://packagist.org/downloads/",
            "license": [
                "BSD-2-Clause"
            ],
            "description": "PSR HTTP Message implementations",
            "homepage": "https://github.com/zendframework/zend-diactoros",
            "keywords": [
                "http",
                "psr",
                "psr-7"
            ],
            "time": "2015-10-16 15:24:05"
        }
    ],
    "packages-dev": [],
    "aliases": [],
    "minimum-stability": "stable",
    "stability-flags": [],
    "prefer-stable": false,
    "prefer-lowest": false,
    "platform": [],
    "platform-dev": []
}
